// !$*UTF8*$!
{
	archiveVersion = 1;
	classes = {
	};
	objectVersion = 50;
	objects = {

/* Begin PBXBuildFile section */
		0CD8BA8B22C522B5006E7120 /* AppDelegate.swift in Sources */ = {isa = PBXBuildFile; fileRef = 0CD8BA8A22C522B5006E7120 /* AppDelegate.swift */; };
		0CD8BA9022C522B5006E7120 /* Main.storyboard in Resources */ = {isa = PBXBuildFile; fileRef = 0CD8BA8E22C522B5006E7120 /* Main.storyboard */; };
		0CD8BA9222C522B6006E7120 /* Assets.xcassets in Resources */ = {isa = PBXBuildFile; fileRef = 0CD8BA9122C522B6006E7120 /* Assets.xcassets */; };
		0CD8BA9522C522B6006E7120 /* LaunchScreen.storyboard in Resources */ = {isa = PBXBuildFile; fileRef = 0CD8BA9322C522B6006E7120 /* LaunchScreen.storyboard */; };
/* End PBXBuildFile section */

/* Begin PBXFileReference section */
		0CD8BA8722C522B5006E7120 /* AppleSearch.app */ = {isa = PBXFileReference; explicitFileType = wrapper.application; includeInIndex = 0; path = AppleSearch.app; sourceTree = BUILT_PRODUCTS_DIR; };
		0CD8BA8A22C522B5006E7120 /* AppDelegate.swift */ = {isa = PBXFileReference; lastKnownFileType = sourcecode.swift; path = AppDelegate.swift; sourceTree = "<group>"; };
		0CD8BA8F22C522B5006E7120 /* Base */ = {isa = PBXFileReference; lastKnownFileType = file.storyboard; name = Base; path = Base.lproj/Main.storyboard; sourceTree = "<group>"; };
		0CD8BA9122C522B6006E7120 /* Assets.xcassets */ = {isa = PBXFileReference; lastKnownFileType = folder.assetcatalog; path = Assets.xcassets; sourceTree = "<group>"; };
		0CD8BA9422C522B6006E7120 /* Base */ = {isa = PBXFileReference; lastKnownFileType = file.storyboard; name = Base; path = Base.lproj/LaunchScreen.storyboard; sourceTree = "<group>"; };
		0CD8BA9622C522B6006E7120 /* Info.plist */ = {isa = PBXFileReference; lastKnownFileType = text.plist.xml; path = Info.plist; sourceTree = "<group>"; };
/* End PBXFileReference section */

/* Begin PBXFrameworksBuildPhase section */
		0CD8BA8422C522B5006E7120 /* Frameworks */ = {
			isa = PBXFrameworksBuildPhase;
			buildActionMask = 2147483647;
			files = (
			);
			runOnlyForDeploymentPostprocessing = 0;
		};
/* End PBXFrameworksBuildPhase section */

/* Begin PBXGroup section */
		0CD8BA7E22C522B5006E7120 = {
			isa = PBXGroup;
			children = (
				0CD8BA8922C522B5006E7120 /* AppleSearch */,
				0CD8BA8822C522B5006E7120 /* Products */,
			);
			sourceTree = "<group>";
		};
		0CD8BA8822C522B5006E7120 /* Products */ = {
			isa = PBXGroup;
			children = (
				0CD8BA8722C522B5006E7120 /* AppleSearch.app */,
			);
			name = Products;
			sourceTree = "<group>";
		};
		0CD8BA8922C522B5006E7120 /* AppleSearch */ = {
			isa = PBXGroup;
			children = (
				0CD8BA9E22C522E6006E7120 /* MODELS */,
				0CD8BAA022C522F7006E7120 /* VIEWS */,
				0CD8BA9F22C522EF006E7120 /* CONTROLLERS */,
				0CD8BA9C22C522C0006E7120 /* RESOURCES */,
			);
			path = AppleSearch;
			sourceTree = "<group>";
		};
		0CD8BA9C22C522C0006E7120 /* RESOURCES */ = {
			isa = PBXGroup;
			children = (
				0CD8BA8A22C522B5006E7120 /* AppDelegate.swift */,
				0CD8BA9122C522B6006E7120 /* Assets.xcassets */,
				0CD8BA9622C522B6006E7120 /* Info.plist */,
			);
			path = RESOURCES;
			sourceTree = "<group>";
		};
		0CD8BA9D22C522D1006E7120 /* STORYBOARDS */ = {
			isa = PBXGroup;
			children = (
				0CD8BA8E22C522B5006E7120 /* Main.storyboard */,
				0CD8BA9322C522B6006E7120 /* LaunchScreen.storyboard */,
			);
			path = STORYBOARDS;
			sourceTree = "<group>";
		};
		0CD8BA9E22C522E6006E7120 /* MODELS */ = {
			isa = PBXGroup;
			children = (
			);
			path = MODELS;
			sourceTree = "<group>";
		};
		0CD8BA9F22C522EF006E7120 /* CONTROLLERS */ = {
			isa = PBXGroup;
			children = (
				0CD8BAA222C52318006E7120 /* MODEL CONTROLLERS */,
				0CD8BAA122C5230F006E7120 /* VIEW CONTROLLERS */,
			);
			path = CONTROLLERS;
			sourceTree = "<group>";
		};
		0CD8BAA022C522F7006E7120 /* VIEWS */ = {
			isa = PBXGroup;
			children = (
				0CD8BA9D22C522D1006E7120 /* STORYBOARDS */,
			);
			path = VIEWS;
			sourceTree = "<group>";
		};
		0CD8BAA122C5230F006E7120 /* VIEW CONTROLLERS */ = {
			isa = PBXGroup;
			children = (
			);
			path = "VIEW CONTROLLERS";
			sourceTree = "<group>";
		};
		0CD8BAA222C52318006E7120 /* MODEL CONTROLLERS */ = {
			isa = PBXGroup;
			children = (
			);
			path = "MODEL CONTROLLERS";
			sourceTree = "<group>";
		};
/* End PBXGroup section */

/* Begin PBXNativeTarget section */
		0CD8BA8622C522B5006E7120 /* AppleSearch */ = {
			isa = PBXNativeTarget;
			buildConfigurationList = 0CD8BA9922C522B6006E7120 /* Build configuration list for PBXNativeTarget "AppleSearch" */;
			buildPhases = (
				0CD8BA8322C522B5006E7120 /* Sources */,
				0CD8BA8422C522B5006E7120 /* Frameworks */,
				0CD8BA8522C522B5006E7120 /* Resources */,
			);
			buildRules = (
			);
			dependencies = (
			);
			name = AppleSearch;
			productName = AppleSearch;
			productReference = 0CD8BA8722C522B5006E7120 /* AppleSearch.app */;
			productType = "com.apple.product-type.application";
		};
/* End PBXNativeTarget section */

/* Begin PBXProject section */
		0CD8BA7F22C522B5006E7120 /* Project object */ = {
			isa = PBXProject;
			attributes = {
				LastSwiftUpdateCheck = 1020;
				LastUpgradeCheck = 1020;
				ORGANIZATIONNAME = "Austin West";
				TargetAttributes = {
					0CD8BA8622C522B5006E7120 = {
						CreatedOnToolsVersion = 10.2.1;
					};
				};
			};
			buildConfigurationList = 0CD8BA8222C522B5006E7120 /* Build configuration list for PBXProject "AppleSearch" */;
			compatibilityVersion = "Xcode 9.3";
			developmentRegion = en;
			hasScannedForEncodings = 0;
			knownRegions = (
				en,
				Base,
			);
			mainGroup = 0CD8BA7E22C522B5006E7120;
			productRefGroup = 0CD8BA8822C522B5006E7120 /* Products */;
			projectDirPath = "";
			projectRoot = "";
			targets = (
				0CD8BA8622C522B5006E7120 /* AppleSearch */,
			);
		};
/* End PBXProject section */

/* Begin PBXResourcesBuildPhase section */
		0CD8BA8522C522B5006E7120 /* Resources */ = {
			isa = PBXResourcesBuildPhase;
			buildActionMask = 2147483647;
			files = (
				0CD8BA9522C522B6006E7120 /* LaunchScreen.storyboard in Resources */,
				0CD8BA9222C522B6006E7120 /* Assets.xcassets in Resources */,
				0CD8BA9022C522B5006E7120 /* Main.storyboard in Resources */,
			);
			runOnlyForDeploymentPostprocessing = 0;
		};
/* End PBXResourcesBuildPhase section */

/* Begin PBXSourcesBuildPhase section */
		0CD8BA8322C522B5006E7120 /* Sources */ = {
			isa = PBXSourcesBuildPhase;
			buildActionMask = 2147483647;
			files = (
				0CD8BA8B22C522B5006E7120 /* AppDelegate.swift in Sources */,
			);
			runOnlyForDeploymentPostprocessing = 0;
		};
/* End PBXSourcesBuildPhase section */

/* Begin PBXVariantGroup section */
		0CD8BA8E22C522B5006E7120 /* Main.storyboard */ = {
			isa = PBXVariantGroup;
			children = (
				0CD8BA8F22C522B5006E7120 /* Base */,
			);
			name = Main.storyboard;
			sourceTree = "<group>";
		};
		0CD8BA9322C522B6006E7120 /* LaunchScreen.storyboard */ = {
			isa = PBXVariantGroup;
			children = (
				0CD8BA9422C522B6006E7120 /* Base */,
			);
			name = LaunchScreen.storyboard;
			sourceTree = "<group>";
		};
/* End PBXVariantGroup section */

/* Begin XCBuildConfiguration section */
		0CD8BA9722C522B6006E7120 /* Debug */ = {
			isa = XCBuildConfiguration;
			buildSettings = {
				ALWAYS_SEARCH_USER_PATHS = NO;
				CLANG_ANALYZER_NONNULL = YES;
				CLANG_ANALYZER_NUMBER_OBJECT_CONVERSION = YES_AGGRESSIVE;
				CLANG_CXX_LANGUAGE_STANDARD = "gnu++14";
				CLANG_CXX_LIBRARY = "libc++";
				CLANG_ENABLE_MODULES = YES;
				CLANG_ENABLE_OBJC_ARC = YES;
				CLANG_ENABLE_OBJC_WEAK = YES;
				CLANG_WARN_BLOCK_CAPTURE_AUTORELEASING = YES;
				CLANG_WARN_BOOL_CONVERSION = YES;
				CLANG_WARN_COMMA = YES;
				CLANG_WARN_CONSTANT_CONVERSION = YES;
				CLANG_WARN_DEPRECATED_OBJC_IMPLEMENTATIONS = YES;
				CLANG_WARN_DIRECT_OBJC_ISA_USAGE = YES_ERROR;
				CLANG_WARN_DOCUMENTATION_COMMENTS = YES;
				CLANG_WARN_EMPTY_BODY = YES;
				CLANG_WARN_ENUM_CONVERSION = YES;
				CLANG_WARN_INFINITE_RECURSION = YES;
				CLANG_WARN_INT_CONVERSION = YES;
				CLANG_WARN_NON_LITERAL_NULL_CONVERSION = YES;
				CLANG_WARN_OBJC_IMPLICIT_RETAIN_SELF = YES;
				CLANG_WARN_OBJC_LITERAL_CONVERSION = YES;
				CLANG_WARN_OBJC_ROOT_CLASS = YES_ERROR;
				CLANG_WARN_RANGE_LOOP_ANALYSIS = YES;
				CLANG_WARN_STRICT_PROTOTYPES = YES;
				CLANG_WARN_SUSPICIOUS_MOVE = YES;
				CLANG_WARN_UNGUARDED_AVAILABILITY = YES_AGGRESSIVE;
				CLANG_WARN_UNREACHABLE_CODE = YES;
				CLANG_WARN__DUPLICATE_METHOD_MATCH = YES;
				CODE_SIGN_IDENTITY = "iPhone Developer";
				COPY_PHASE_STRIP = NO;
				DEBUG_INFORMATION_FORMAT = dwarf;
				ENABLE_STRICT_OBJC_MSGSEND = YES;
				ENABLE_TESTABILITY = YES;
				GCC_C_LANGUAGE_STANDARD = gnu11;
				GCC_DYNAMIC_NO_PIC = NO;
				GCC_NO_COMMON_BLOCKS = YES;
				GCC_OPTIMIZATION_LEVEL = 0;
				GCC_PREPROCESSOR_DEFINITIONS = (
					"DEBUG=1",
					"$(inherited)",
				);
				GCC_WARN_64_TO_32_BIT_CONVERSION = YES;
				GCC_WARN_ABOUT_RETURN_TYPE = YES_ERROR;
				GCC_WARN_UNDECLARED_SELECTOR = YES;
				GCC_WARN_UNINITIALIZED_AUTOS = YES_AGGRESSIVE;
				GCC_WARN_UNUSED_FUNCTION = YES;
				GCC_WARN_UNUSED_VARIABLE = YES;
				IPHONEOS_DEPLOYMENT_TARGET = 12.2;
				MTL_ENABLE_DEBUG_INFO = INCLUDE_SOURCE;
				MTL_FAST_MATH = YES;
				ONLY_ACTIVE_ARCH = YES;
				SDKROOT = iphoneos;
				SWIFT_ACTIVE_COMPILATION_CONDITIONS = DEBUG;
				SWIFT_OPTIMIZATION_LEVEL = "-Onone";
			};
			name = Debug;
		};
		0CD8BA9822C522B6006E7120 /* Release */ = {
			isa = XCBuildConfiguration;
			buildSettings = {
				ALWAYS_SEARCH_USER_PATHS = NO;
				CLANG_ANALYZER_NONNULL = YES;
				CLANG_ANALYZER_NUMBER_OBJECT_CONVERSION = YES_AGGRESSIVE;
				CLANG_CXX_LANGUAGE_STANDARD = "gnu++14";
				CLANG_CXX_LIBRARY = "libc++";
				CLANG_ENABLE_MODULES = YES;
				CLANG_ENABLE_OBJC_ARC = YES;
				CLANG_ENABLE_OBJC_WEAK = YES;
				CLANG_WARN_BLOCK_CAPTURE_AUTORELEASING = YES;
				CLANG_WARN_BOOL_CONVERSION = YES;
				CLANG_WARN_COMMA = YES;
				CLANG_WARN_CONSTANT_CONVERSION = YES;
				CLANG_WARN_DEPRECATED_OBJC_IMPLEMENTATIONS = YES;
				CLANG_WARN_DIRECT_OBJC_ISA_USAGE = YES_ERROR;
				CLANG_WARN_DOCUMENTATION_COMMENTS = YES;
				CLANG_WARN_EMPTY_BODY = YES;
				CLANG_WARN_ENUM_CONVERSION = YES;
				CLANG_WARN_INFINITE_RECURSION = YES;
				CLANG_WARN_INT_CONVERSION = YES;
				CLANG_WARN_NON_LITERAL_NULL_CONVERSION = YES;
				CLANG_WARN_OBJC_IMPLICIT_RETAIN_SELF = YES;
				CLANG_WARN_OBJC_LITERAL_CONVERSION = YES;
				CLANG_WARN_OBJC_ROOT_CLASS = YES_ERROR;
				CLANG_WARN_RANGE_LOOP_ANALYSIS = YES;
				CLANG_WARN_STRICT_PROTOTYPES = YES;
				CLANG_WARN_SUSPICIOUS_MOVE = YES;
				CLANG_WARN_UNGUARDED_AVAILABILITY = YES_AGGRESSIVE;
				CLANG_WARN_UNREACHABLE_CODE = YES;
				CLANG_WARN__DUPLICATE_METHOD_MATCH = YES;
				CODE_SIGN_IDENTITY = "iPhone Developer";
				COPY_PHASE_STRIP = NO;
				DEBUG_INFORMATION_FORMAT = "dwarf-with-dsym";
				ENABLE_NS_ASSERTIONS = NO;
				ENABLE_STRICT_OBJC_MSGSEND = YES;
				GCC_C_LANGUAGE_STANDARD = gnu11;
				GCC_NO_COMMON_BLOCKS = YES;
				GCC_WARN_64_TO_32_BIT_CONVERSION = YES;
				GCC_WARN_ABOUT_RETURN_TYPE = YES_ERROR;
				GCC_WARN_UNDECLARED_SELECTOR = YES;
				GCC_WARN_UNINITIALIZED_AUTOS = YES_AGGRESSIVE;
				GCC_WARN_UNUSED_FUNCTION = YES;
				GCC_WARN_UNUSED_VARIABLE = YES;
				IPHONEOS_DEPLOYMENT_TARGET = 12.2;
				MTL_ENABLE_DEBUG_INFO = NO;
				MTL_FAST_MATH = YES;
				SDKROOT = iphoneos;
				SWIFT_COMPILATION_MODE = wholemodule;
				SWIFT_OPTIMIZATION_LEVEL = "-O";
				VALIDATE_PRODUCT = YES;
			};
			name = Release;
		};
		0CD8BA9A22C522B6006E7120 /* Debug */ = {
			isa = XCBuildConfiguration;
			buildSettings = {
				ASSETCATALOG_COMPILER_APPICON_NAME = AppIcon;
				CODE_SIGN_STYLE = Automatic;
				DEVELOPMENT_TEAM = 5Z9AZ3J86W;
				INFOPLIST_FILE = "$(SRCROOT)/AppleSearch/RESOURCES/Info.plist";
				LD_RUNPATH_SEARCH_PATHS = (
					"$(inherited)",
					"@executable_path/Frameworks",
				);
				PRODUCT_BUNDLE_IDENTIFIER = com.AustinWest.AppleSearch;
				PRODUCT_NAME = "$(TARGET_NAME)";
				SWIFT_VERSION = 5.0;
				TARGETED_DEVICE_FAMILY = "1,2";
			};
			name = Debug;
		};
		0CD8BA9B22C522B6006E7120 /* Release */ = {
			isa = XCBuildConfiguration;
			buildSettings = {
				ASSETCATALOG_COMPILER_APPICON_NAME = AppIcon;
				CODE_SIGN_STYLE = Automatic;
				DEVELOPMENT_TEAM = 5Z9AZ3J86W;
				INFOPLIST_FILE = "$(SRCROOT)/AppleSearch/RESOURCES/Info.plist";
				LD_RUNPATH_SEARCH_PATHS = (
					"$(inherited)",
					"@executable_path/Frameworks",
				);
				PRODUCT_BUNDLE_IDENTIFIER = com.AustinWest.AppleSearch;
				PRODUCT_NAME = "$(TARGET_NAME)";
				SWIFT_VERSION = 5.0;
				TARGETED_DEVICE_FAMILY = "1,2";
			};
			name = Release;
		};
/* End XCBuildConfiguration section */

/* Begin XCConfigurationList section */
		0CD8BA8222C522B5006E7120 /* Build configuration list for PBXProject "AppleSearch" */ = {
			isa = XCConfigurationList;
			buildConfigurations = (
				0CD8BA9722C522B6006E7120 /* Debug */,
				0CD8BA9822C522B6006E7120 /* Release */,
			);
			defaultConfigurationIsVisible = 0;
			defaultConfigurationName = Release;
		};
		0CD8BA9922C522B6006E7120 /* Build configuration list for PBXNativeTarget "AppleSearch" */ = {
			isa = XCConfigurationList;
			buildConfigurations = (
				0CD8BA9A22C522B6006E7120 /* Debug */,
				0CD8BA9B22C522B6006E7120 /* Release */,
			);
			defaultConfigurationIsVisible = 0;
			defaultConfigurationName = Release;
		};
/* End XCConfigurationList section */
	};
	rootObject = 0CD8BA7F22C522B5006E7120 /* Project object */;
}
